
Microsoft Visual Studio Solution File, Format Version 12.00
Project("{2150E333-8FDC-42A3-9474-1A3956D46DE8}") = "Src", "Src", "{546DC7C4-A3AD-455E-B5E0-7001E9E8A301}"
EndProject
Project("{FAE04EC0-301F-11D3-BF4B-00C04F79EFBC}") = "Product.API", "Src\Product.API\Product.API.csproj", "{ADF04135-B7A9-4195-A875-6AAD5788CCF4}"
EndProject
Project("{FAE04EC0-301F-11D3-BF4B-00C04F79EFBC}") = "Product.Application", "Src\\Product.Application\Product.Application.csproj", "{D4F937EA-8B75-4E0F-B2F9-D777E9E1AF32}"
EndProject
Project("{FAE04EC0-301F-11D3-BF4B-00C04F79EFBC}") = "Product.Domain", "Src\\Product.Domain\Product.Domain.csproj", "{4AD50C80-E6FE-4265-853B-1D5BDAFDE2AB}"
EndProject
Project("{FAE04EC0-301F-11D3-BF4B-00C04F79EFBC}") = "Product.Infrastructure", "Src\\Product.Infrastructure\Product.Infrastructure.csproj", "{5A91E23A-05D6-427F-AEFF-524408AB293A}"
EndProject
Project("{FAE04EC0-301F-11D3-BF4B-00C04F79EFBC}") = "Product.Ioc", "Src\\Product.Ioc\Product.Ioc.csproj", "{FC0A69F8-71B4-4D5A-A604-A464F76F2FFD}"
EndProject
Project("{2150E333-8FDC-42A3-9474-1A3956D46DE8}") = "Tests", "Tests", "{4C17081D-1843-41BB-9281-3DF6551E01B6}"
EndProject
Global
	GlobalSection(SolutionConfigurationPlatforms) = preSolution
		Debug|Any CPU = Debug|Any CPU
		Release|Any CPU = Release|Any CPU
	EndGlobalSection
	GlobalSection(ProjectConfigurationPlatforms) = postSolution
		{ADF04135-B7A9-4195-A875-6AAD5788CCF4}.Debug|Any CPU.ActiveCfg = Debug|Any CPU
		{ADF04135-B7A9-4195-A875-6AAD5788CCF4}.Debug|Any CPU.Build.0 = Debug|Any CPU
		{ADF04135-B7A9-4195-A875-6AAD5788CCF4}.Release|Any CPU.ActiveCfg = Release|Any CPU
		{ADF04135-B7A9-4195-A875-6AAD5788CCF4}.Release|Any CPU.Build.0 = Release|Any CPU
		{D4F937EA-8B75-4E0F-B2F9-D777E9E1AF32}.Debug|Any CPU.ActiveCfg = Debug|Any CPU
		{D4F937EA-8B75-4E0F-B2F9-D777E9E1AF32}.Debug|Any CPU.Build.0 = Debug|Any CPU
		{D4F937EA-8B75-4E0F-B2F9-D777E9E1AF32}.Release|Any CPU.ActiveCfg = Release|Any CPU
		{D4F937EA-8B75-4E0F-B2F9-D777E9E1AF32}.Release|Any CPU.Build.0 = Release|Any CPU
		{4AD50C80-E6FE-4265-853B-1D5BDAFDE2AB}.Debug|Any CPU.ActiveCfg = Debug|Any CPU
		{4AD50C80-E6FE-4265-853B-1D5BDAFDE2AB}.Debug|Any CPU.Build.0 = Debug|Any CPU
		{4AD50C80-E6FE-4265-853B-1D5BDAFDE2AB}.Release|Any CPU.ActiveCfg = Release|Any CPU
		{4AD50C80-E6FE-4265-853B-1D5BDAFDE2AB}.Release|Any CPU.Build.0 = Release|Any CPU
		{5A91E23A-05D6-427F-AEFF-524408AB293A}.Debug|Any CPU.ActiveCfg = Debug|Any CPU
		{5A91E23A-05D6-427F-AEFF-524408AB293A}.Debug|Any CPU.Build.0 = Debug|Any CPU
		{5A91E23A-05D6-427F-AEFF-524408AB293A}.Release|Any CPU.ActiveCfg = Release|Any CPU
		{5A91E23A-05D6-427F-AEFF-524408AB293A}.Release|Any CPU.Build.0 = Release|Any CPU
		{FC0A69F8-71B4-4D5A-A604-A464F76F2FFD}.Debug|Any CPU.ActiveCfg = Debug|Any CPU
		{FC0A69F8-71B4-4D5A-A604-A464F76F2FFD}.Debug|Any CPU.Build.0 = Debug|Any CPU
		{FC0A69F8-71B4-4D5A-A604-A464F76F2FFD}.Release|Any CPU.ActiveCfg = Release|Any CPU
		{FC0A69F8-71B4-4D5A-A604-A464F76F2FFD}.Release|Any CPU.Build.0 = Release|Any CPU
	EndGlobalSection
	GlobalSection(NestedProjects) = preSolution
		{ADF04135-B7A9-4195-A875-6AAD5788CCF4} = {546DC7C4-A3AD-455E-B5E0-7001E9E8A301}
		{D4F937EA-8B75-4E0F-B2F9-D777E9E1AF32} = {546DC7C4-A3AD-455E-B5E0-7001E9E8A301}
		{4AD50C80-E6FE-4265-853B-1D5BDAFDE2AB} = {546DC7C4-A3AD-455E-B5E0-7001E9E8A301}
		{5A91E23A-05D6-427F-AEFF-524408AB293A} = {546DC7C4-A3AD-455E-B5E0-7001E9E8A301}
		{FC0A69F8-71B4-4D5A-A604-A464F76F2FFD} = {546DC7C4-A3AD-455E-B5E0-7001E9E8A301}
	EndGlobalSection
EndGlobal
